// !$*UTF8*$!
{
	archiveVersion = 1;
	classes = {
	};
	objectVersion = 50;
	objects = {

/* Begin PBXBuildFile section */
		25EA922C25DA2723002B60DC /* AppDelegate.swift in Sources */ = {isa = PBXBuildFile; fileRef = 25EA922B25DA2723002B60DC /* AppDelegate.swift */; };
		25EA922E25DA2723002B60DC /* SceneDelegate.swift in Sources */ = {isa = PBXBuildFile; fileRef = 25EA922D25DA2723002B60DC /* SceneDelegate.swift */; };
		25EA923025DA2723002B60DC /* ViewController.swift in Sources */ = {isa = PBXBuildFile; fileRef = 25EA922F25DA2723002B60DC /* ViewController.swift */; };
		25EA923325DA2723002B60DC /* Main.storyboard in Resources */ = {isa = PBXBuildFile; fileRef = 25EA923125DA2723002B60DC /* Main.storyboard */; };
		25EA923625DA2723002B60DC /* FixApp.xcdatamodeld in Sources */ = {isa = PBXBuildFile; fileRef = 25EA923425DA2723002B60DC /* FixApp.xcdatamodeld */; };
		25EA923825DA2726002B60DC /* Assets.xcassets in Resources */ = {isa = PBXBuildFile; fileRef = 25EA923725DA2726002B60DC /* Assets.xcassets */; };
		25EA923B25DA2726002B60DC /* LaunchScreen.storyboard in Resources */ = {isa = PBXBuildFile; fileRef = 25EA923925DA2726002B60DC /* LaunchScreen.storyboard */; };
		25EA924625DA2726002B60DC /* FixAppTests.swift in Sources */ = {isa = PBXBuildFile; fileRef = 25EA924525DA2726002B60DC /* FixAppTests.swift */; };
		25EA925125DA2726002B60DC /* FixAppUITests.swift in Sources */ = {isa = PBXBuildFile; fileRef = 25EA925025DA2726002B60DC /* FixAppUITests.swift */; };
/* End PBXBuildFile section */

/* Begin PBXContainerItemProxy section */
		25EA924225DA2726002B60DC /* PBXContainerItemProxy */ = {
			isa = PBXContainerItemProxy;
			containerPortal = 25EA922025DA2723002B60DC /* Project object */;
			proxyType = 1;
			remoteGlobalIDString = 25EA922725DA2723002B60DC;
			remoteInfo = FixApp;
		};
		25EA924D25DA2726002B60DC /* PBXContainerItemProxy */ = {
			isa = PBXContainerItemProxy;
			containerPortal = 25EA922025DA2723002B60DC /* Project object */;
			proxyType = 1;
			remoteGlobalIDString = 25EA922725DA2723002B60DC;
			remoteInfo = FixApp;
		};
/* End PBXContainerItemProxy section */

/* Begin PBXFileReference section */
		25EA922825DA2723002B60DC /* FixApp.app */ = {isa = PBXFileReference; explicitFileType = wrapper.application; includeInIndex = 0; path = FixApp.app; sourceTree = BUILT_PRODUCTS_DIR; };
		25EA922B25DA2723002B60DC /* AppDelegate.swift */ = {isa = PBXFileReference; lastKnownFileType = sourcecode.swift; path = AppDelegate.swift; sourceTree = "<group>"; };
		25EA922D25DA2723002B60DC /* SceneDelegate.swift */ = {isa = PBXFileReference; lastKnownFileType = sourcecode.swift; path = SceneDelegate.swift; sourceTree = "<group>"; };
		25EA922F25DA2723002B60DC /* ViewController.swift */ = {isa = PBXFileReference; lastKnownFileType = sourcecode.swift; path = ViewController.swift; sourceTree = "<group>"; };
		25EA923225DA2723002B60DC /* Base */ = {isa = PBXFileReference; lastKnownFileType = file.storyboard; name = Base; path = Base.lproj/Main.storyboard; sourceTree = "<group>"; };
		25EA923525DA2723002B60DC /* FixApp.xcdatamodel */ = {isa = PBXFileReference; lastKnownFileType = wrapper.xcdatamodel; path = FixApp.xcdatamodel; sourceTree = "<group>"; };
		25EA923725DA2726002B60DC /* Assets.xcassets */ = {isa = PBXFileReference; lastKnownFileType = folder.assetcatalog; path = Assets.xcassets; sourceTree = "<group>"; };
		25EA923A25DA2726002B60DC /* Base */ = {isa = PBXFileReference; lastKnownFileType = file.storyboard; name = Base; path = Base.lproj/LaunchScreen.storyboard; sourceTree = "<group>"; };
		25EA923C25DA2726002B60DC /* Info.plist */ = {isa = PBXFileReference; lastKnownFileType = text.plist.xml; path = Info.plist; sourceTree = "<group>"; };
		25EA924125DA2726002B60DC /* FixAppTests.xctest */ = {isa = PBXFileReference; explicitFileType = wrapper.cfbundle; includeInIndex = 0; path = FixAppTests.xctest; sourceTree = BUILT_PRODUCTS_DIR; };
		25EA924525DA2726002B60DC /* FixAppTests.swift */ = {isa = PBXFileReference; lastKnownFileType = sourcecode.swift; path = FixAppTests.swift; sourceTree = "<group>"; };
		25EA924725DA2726002B60DC /* Info.plist */ = {isa = PBXFileReference; lastKnownFileType = text.plist.xml; path = Info.plist; sourceTree = "<group>"; };
		25EA924C25DA2726002B60DC /* FixAppUITests.xctest */ = {isa = PBXFileReference; explicitFileType = wrapper.cfbundle; includeInIndex = 0; path = FixAppUITests.xctest; sourceTree = BUILT_PRODUCTS_DIR; };
		25EA925025DA2726002B60DC /* FixAppUITests.swift */ = {isa = PBXFileReference; lastKnownFileType = sourcecode.swift; path = FixAppUITests.swift; sourceTree = "<group>"; };
		25EA925225DA2726002B60DC /* Info.plist */ = {isa = PBXFileReference; lastKnownFileType = text.plist.xml; path = Info.plist; sourceTree = "<group>"; };
/* End PBXFileReference section */

/* Begin PBXFrameworksBuildPhase section */
		25EA922525DA2723002B60DC /* Frameworks */ = {
			isa = PBXFrameworksBuildPhase;
			buildActionMask = 2147483647;
			files = (
			);
			runOnlyForDeploymentPostprocessing = 0;
		};
		25EA923E25DA2726002B60DC /* Frameworks */ = {
			isa = PBXFrameworksBuildPhase;
			buildActionMask = 2147483647;
			files = (
			);
			runOnlyForDeploymentPostprocessing = 0;
		};
		25EA924925DA2726002B60DC /* Frameworks */ = {
			isa = PBXFrameworksBuildPhase;
			buildActionMask = 2147483647;
			files = (
			);
			runOnlyForDeploymentPostprocessing = 0;
		};
/* End PBXFrameworksBuildPhase section */

/* Begin PBXGroup section */
		25EA921F25DA2723002B60DC = {
			isa = PBXGroup;
			children = (
				25EA922A25DA2723002B60DC /* FixApp */,
				25EA924425DA2726002B60DC /* FixAppTests */,
				25EA924F25DA2726002B60DC /* FixAppUITests */,
				25EA922925DA2723002B60DC /* Products */,
			);
			sourceTree = "<group>";
		};
		25EA922925DA2723002B60DC /* Products */ = {
			isa = PBXGroup;
			children = (
				25EA922825DA2723002B60DC /* FixApp.app */,
				25EA924125DA2726002B60DC /* FixAppTests.xctest */,
				25EA924C25DA2726002B60DC /* FixAppUITests.xctest */,
			);
			name = Products;
			sourceTree = "<group>";
		};
		25EA922A25DA2723002B60DC /* FixApp */ = {
			isa = PBXGroup;
			children = (
				25EA922B25DA2723002B60DC /* AppDelegate.swift */,
				25EA922D25DA2723002B60DC /* SceneDelegate.swift */,
				25EA922F25DA2723002B60DC /* ViewController.swift */,
				25EA923125DA2723002B60DC /* Main.storyboard */,
				25EA923725DA2726002B60DC /* Assets.xcassets */,
				25EA923925DA2726002B60DC /* LaunchScreen.storyboard */,
				25EA923C25DA2726002B60DC /* Info.plist */,
				25EA923425DA2723002B60DC /* FixApp.xcdatamodeld */,
			);
			path = FixApp;
			sourceTree = "<group>";
		};
		25EA924425DA2726002B60DC /* FixAppTests */ = {
			isa = PBXGroup;
			children = (
				25EA924525DA2726002B60DC /* FixAppTests.swift */,
				25EA924725DA2726002B60DC /* Info.plist */,
			);
			path = FixAppTests;
			sourceTree = "<group>";
		};
		25EA924F25DA2726002B60DC /* FixAppUITests */ = {
			isa = PBXGroup;
			children = (
				25EA925025DA2726002B60DC /* FixAppUITests.swift */,
				25EA925225DA2726002B60DC /* Info.plist */,
			);
			path = FixAppUITests;
			sourceTree = "<group>";
		};
/* End PBXGroup section */

/* Begin PBXNativeTarget section */
		25EA922725DA2723002B60DC /* FixApp */ = {
			isa = PBXNativeTarget;
			buildConfigurationList = 25EA925525DA2726002B60DC /* Build configuration list for PBXNativeTarget "FixApp" */;
			buildPhases = (
				25EA922425DA2723002B60DC /* Sources */,
				25EA922525DA2723002B60DC /* Frameworks */,
				25EA922625DA2723002B60DC /* Resources */,
			);
			buildRules = (
			);
			dependencies = (
			);
			name = FixApp;
			productName = FixApp;
			productReference = 25EA922825DA2723002B60DC /* FixApp.app */;
			productType = "com.apple.product-type.application";
		};
		25EA924025DA2726002B60DC /* FixAppTests */ = {
			isa = PBXNativeTarget;
			buildConfigurationList = 25EA925825DA2726002B60DC /* Build configuration list for PBXNativeTarget "FixAppTests" */;
			buildPhases = (
				25EA923D25DA2726002B60DC /* Sources */,
				25EA923E25DA2726002B60DC /* Frameworks */,
				25EA923F25DA2726002B60DC /* Resources */,
			);
			buildRules = (
			);
			dependencies = (
				25EA924325DA2726002B60DC /* PBXTargetDependency */,
			);
			name = FixAppTests;
			productName = FixAppTests;
			productReference = 25EA924125DA2726002B60DC /* FixAppTests.xctest */;
			productType = "com.apple.product-type.bundle.unit-test";
		};
		25EA924B25DA2726002B60DC /* FixAppUITests */ = {
			isa = PBXNativeTarget;
			buildConfigurationList = 25EA925B25DA2726002B60DC /* Build configuration list for PBXNativeTarget "FixAppUITests" */;
			buildPhases = (
				25EA924825DA2726002B60DC /* Sources */,
				25EA924925DA2726002B60DC /* Frameworks */,
				25EA924A25DA2726002B60DC /* Resources */,
			);
			buildRules = (
			);
			dependencies = (
				25EA924E25DA2726002B60DC /* PBXTargetDependency */,
			);
			name = FixAppUITests;
			productName = FixAppUITests;
			productReference = 25EA924C25DA2726002B60DC /* FixAppUITests.xctest */;
			productType = "com.apple.product-type.bundle.ui-testing";
		};
/* End PBXNativeTarget section */

/* Begin PBXProject section */
		25EA922025DA2723002B60DC /* Project object */ = {
			isa = PBXProject;
			attributes = {
				LastSwiftUpdateCheck = 1240;
				LastUpgradeCheck = 1240;
				TargetAttributes = {
					25EA922725DA2723002B60DC = {
						CreatedOnToolsVersion = 12.4;
					};
					25EA924025DA2726002B60DC = {
						CreatedOnToolsVersion = 12.4;
						TestTargetID = 25EA922725DA2723002B60DC;
					};
					25EA924B25DA2726002B60DC = {
						CreatedOnToolsVersion = 12.4;
						TestTargetID = 25EA922725DA2723002B60DC;
					};
				};
			};
			buildConfigurationList = 25EA922325DA2723002B60DC /* Build configuration list for PBXProject "FixApp" */;
			compatibilityVersion = "Xcode 9.3";
			developmentRegion = en;
			hasScannedForEncodings = 0;
			knownRegions = (
				en,
				Base,
			);
			mainGroup = 25EA921F25DA2723002B60DC;
			productRefGroup = 25EA922925DA2723002B60DC /* Products */;
			projectDirPath = "";
			projectRoot = "";
			targets = (
				25EA922725DA2723002B60DC /* FixApp */,
				25EA924025DA2726002B60DC /* FixAppTests */,
				25EA924B25DA2726002B60DC /* FixAppUITests */,
			);
		};
/* End PBXProject section */

/* Begin PBXResourcesBuildPhase section */
		25EA922625DA2723002B60DC /* Resources */ = {
			isa = PBXResourcesBuildPhase;
			buildActionMask = 2147483647;
			files = (
				25EA923B25DA2726002B60DC /* LaunchScreen.storyboard in Resources */,
				25EA923825DA2726002B60DC /* Assets.xcassets in Resources */,
				25EA923325DA2723002B60DC /* Main.storyboard in Resources */,
			);
			runOnlyForDeploymentPostprocessing = 0;
		};
		25EA923F25DA2726002B60DC /* Resources */ = {
			isa = PBXResourcesBuildPhase;
			buildActionMask = 2147483647;
			files = (
			);
			runOnlyForDeploymentPostprocessing = 0;
		};
		25EA924A25DA2726002B60DC /* Resources */ = {
			isa = PBXResourcesBuildPhase;
			buildActionMask = 2147483647;
			files = (
			);
			runOnlyForDeploymentPostprocessing = 0;
		};
/* End PBXResourcesBuildPhase section */

/* Begin PBXSourcesBuildPhase section */
		25EA922425DA2723002B60DC /* Sources */ = {
			isa = PBXSourcesBuildPhase;
			buildActionMask = 2147483647;
			files = (
				25EA923025DA2723002B60DC /* ViewController.swift in Sources */,
				25EA922C25DA2723002B60DC /* AppDelegate.swift in Sources */,
				25EA922E25DA2723002B60DC /* SceneDelegate.swift in Sources */,
				25EA923625DA2723002B60DC /* FixApp.xcdatamodeld in Sources */,
			);
			runOnlyForDeploymentPostprocessing = 0;
		};
		25EA923D25DA2726002B60DC /* Sources */ = {
			isa = PBXSourcesBuildPhase;
			buildActionMask = 2147483647;
			files = (
				25EA924625DA2726002B60DC /* FixAppTests.swift in Sources */,
			);
			runOnlyForDeploymentPostprocessing = 0;
		};
		25EA924825DA2726002B60DC /* Sources */ = {
			isa = PBXSourcesBuildPhase;
			buildActionMask = 2147483647;
			files = (
				25EA925125DA2726002B60DC /* FixAppUITests.swift in Sources */,
			);
			runOnlyForDeploymentPostprocessing = 0;
		};
/* End PBXSourcesBuildPhase section */

/* Begin PBXTargetDependency section */
		25EA924325DA2726002B60DC /* PBXTargetDependency */ = {
			isa = PBXTargetDependency;
			target = 25EA922725DA2723002B60DC /* FixApp */;
			targetProxy = 25EA924225DA2726002B60DC /* PBXContainerItemProxy */;
		};
		25EA924E25DA2726002B60DC /* PBXTargetDependency */ = {
			isa = PBXTargetDependency;
			target = 25EA922725DA2723002B60DC /* FixApp */;
			targetProxy = 25EA924D25DA2726002B60DC /* PBXContainerItemProxy */;
		};
/* End PBXTargetDependency section */

/* Begin PBXVariantGroup section */
		25EA923125DA2723002B60DC /* Main.storyboard */ = {
			isa = PBXVariantGroup;
			children = (
				25EA923225DA2723002B60DC /* Base */,
			);
			name = Main.storyboard;
			sourceTree = "<group>";
		};
		25EA923925DA2726002B60DC /* LaunchScreen.storyboard */ = {
			isa = PBXVariantGroup;
			children = (
				25EA923A25DA2726002B60DC /* Base */,
			);
			name = LaunchScreen.storyboard;
			sourceTree = "<group>";
		};
/* End PBXVariantGroup section */

/* Begin XCBuildConfiguration section */
		25EA925325DA2726002B60DC /* Debug */ = {
			isa = XCBuildConfiguration;
			buildSettings = {
				ALWAYS_SEARCH_USER_PATHS = NO;
				CLANG_ANALYZER_NONNULL = YES;
				CLANG_ANALYZER_NUMBER_OBJECT_CONVERSION = YES_AGGRESSIVE;
				CLANG_CXX_LANGUAGE_STANDARD = "gnu++14";
				CLANG_CXX_LIBRARY = "libc++";
				CLANG_ENABLE_MODULES = YES;
				CLANG_ENABLE_OBJC_ARC = YES;
				CLANG_ENABLE_OBJC_WEAK = YES;
				CLANG_WARN_BLOCK_CAPTURE_AUTORELEASING = YES;
				CLANG_WARN_BOOL_CONVERSION = YES;
				CLANG_WARN_COMMA = YES;
				CLANG_WARN_CONSTANT_CONVERSION = YES;
				CLANG_WARN_DEPRECATED_OBJC_IMPLEMENTATIONS = YES;
				CLANG_WARN_DIRECT_OBJC_ISA_USAGE = YES_ERROR;
				CLANG_WARN_DOCUMENTATION_COMMENTS = YES;
				CLANG_WARN_EMPTY_BODY = YES;
				CLANG_WARN_ENUM_CONVERSION = YES;
				CLANG_WARN_INFINITE_RECURSION = YES;
				CLANG_WARN_INT_CONVERSION = YES;
				CLANG_WARN_NON_LITERAL_NULL_CONVERSION = YES;
				CLANG_WARN_OBJC_IMPLICIT_RETAIN_SELF = YES;
				CLANG_WARN_OBJC_LITERAL_CONVERSION = YES;
				CLANG_WARN_OBJC_ROOT_CLASS = YES_ERROR;
				CLANG_WARN_QUOTED_INCLUDE_IN_FRAMEWORK_HEADER = YES;
				CLANG_WARN_RANGE_LOOP_ANALYSIS = YES;
				CLANG_WARN_STRICT_PROTOTYPES = YES;
				CLANG_WARN_SUSPICIOUS_MOVE = YES;
				CLANG_WARN_UNGUARDED_AVAILABILITY = YES_AGGRESSIVE;
				CLANG_WARN_UNREACHABLE_CODE = YES;
				CLANG_WARN__DUPLICATE_METHOD_MATCH = YES;
				COPY_PHASE_STRIP = NO;
				DEBUG_INFORMATION_FORMAT = dwarf;
				ENABLE_STRICT_OBJC_MSGSEND = YES;
				ENABLE_TESTABILITY = YES;
				GCC_C_LANGUAGE_STANDARD = gnu11;
				GCC_DYNAMIC_NO_PIC = NO;
				GCC_NO_COMMON_BLOCKS = YES;
				GCC_OPTIMIZATION_LEVEL = 0;
				GCC_PREPROCESSOR_DEFINITIONS = (
					"DEBUG=1",
					"$(inherited)",
				);
				GCC_WARN_64_TO_32_BIT_CONVERSION = YES;
				GCC_WARN_ABOUT_RETURN_TYPE = YES_ERROR;
				GCC_WARN_UNDECLARED_SELECTOR = YES;
				GCC_WARN_UNINITIALIZED_AUTOS = YES_AGGRESSIVE;
				GCC_WARN_UNUSED_FUNCTION = YES;
				GCC_WARN_UNUSED_VARIABLE = YES;
				IPHONEOS_DEPLOYMENT_TARGET = 14.4;
				MTL_ENABLE_DEBUG_INFO = INCLUDE_SOURCE;
				MTL_FAST_MATH = YES;
				ONLY_ACTIVE_ARCH = YES;
				SDKROOT = iphoneos;
				SWIFT_ACTIVE_COMPILATION_CONDITIONS = DEBUG;
				SWIFT_OPTIMIZATION_LEVEL = "-Onone";
			};
			name = Debug;
		};
		25EA925425DA2726002B60DC /* Release */ = {
			isa = XCBuildConfiguration;
			buildSettings = {
				ALWAYS_SEARCH_USER_PATHS = NO;
				CLANG_ANALYZER_NONNULL = YES;
				CLANG_ANALYZER_NUMBER_OBJECT_CONVERSION = YES_AGGRESSIVE;
				CLANG_CXX_LANGUAGE_STANDARD = "gnu++14";
				CLANG_CXX_LIBRARY = "libc++";
				CLANG_ENABLE_MODULES = YES;
				CLANG_ENABLE_OBJC_ARC = YES;
				CLANG_ENABLE_OBJC_WEAK = YES;
				CLANG_WARN_BLOCK_CAPTURE_AUTORELEASING = YES;
				CLANG_WARN_BOOL_CONVERSION = YES;
				CLANG_WARN_COMMA = YES;
				CLANG_WARN_CONSTANT_CONVERSION = YES;
				CLANG_WARN_DEPRECATED_OBJC_IMPLEMENTATIONS = YES;
				CLANG_WARN_DIRECT_OBJC_ISA_USAGE = YES_ERROR;
				CLANG_WARN_DOCUMENTATION_COMMENTS = YES;
				CLANG_WARN_EMPTY_BODY = YES;
				CLANG_WARN_ENUM_CONVERSION = YES;
				CLANG_WARN_INFINITE_RECURSION = YES;
				CLANG_WARN_INT_CONVERSION = YES;
				CLANG_WARN_NON_LITERAL_NULL_CONVERSION = YES;
				CLANG_WARN_OBJC_IMPLICIT_RETAIN_SELF = YES;
				CLANG_WARN_OBJC_LITERAL_CONVERSION = YES;
				CLANG_WARN_OBJC_ROOT_CLASS = YES_ERROR;
				CLANG_WARN_QUOTED_INCLUDE_IN_FRAMEWORK_HEADER = YES;
				CLANG_WARN_RANGE_LOOP_ANALYSIS = YES;
				CLANG_WARN_STRICT_PROTOTYPES = YES;
				CLANG_WARN_SUSPICIOUS_MOVE = YES;
				CLANG_WARN_UNGUARDED_AVAILABILITY = YES_AGGRESSIVE;
				CLANG_WARN_UNREACHABLE_CODE = YES;
				CLANG_WARN__DUPLICATE_METHOD_MATCH = YES;
				COPY_PHASE_STRIP = NO;
				DEBUG_INFORMATION_FORMAT = "dwarf-with-dsym";
				ENABLE_NS_ASSERTIONS = NO;
				ENABLE_STRICT_OBJC_MSGSEND = YES;
				GCC_C_LANGUAGE_STANDARD = gnu11;
				GCC_NO_COMMON_BLOCKS = YES;
				GCC_WARN_64_TO_32_BIT_CONVERSION = YES;
				GCC_WARN_ABOUT_RETURN_TYPE = YES_ERROR;
				GCC_WARN_UNDECLARED_SELECTOR = YES;
				GCC_WARN_UNINITIALIZED_AUTOS = YES_AGGRESSIVE;
				GCC_WARN_UNUSED_FUNCTION = YES;
				GCC_WARN_UNUSED_VARIABLE = YES;
				IPHONEOS_DEPLOYMENT_TARGET = 14.4;
				MTL_ENABLE_DEBUG_INFO = NO;
				MTL_FAST_MATH = YES;
				SDKROOT = iphoneos;
				SWIFT_COMPILATION_MODE = wholemodule;
				SWIFT_OPTIMIZATION_LEVEL = "-O";
				VALIDATE_PRODUCT = YES;
			};
			name = Release;
		};
		25EA925625DA2726002B60DC /* Debug */ = {
			isa = XCBuildConfiguration;
			buildSettings = {
				ASSETCATALOG_COMPILER_APPICON_NAME = AppIcon;
				ASSETCATALOG_COMPILER_GLOBAL_ACCENT_COLOR_NAME = AccentColor;
				CODE_SIGN_STYLE = Automatic;
				INFOPLIST_FILE = FixApp/Info.plist;
				LD_RUNPATH_SEARCH_PATHS = (
					"$(inherited)",
					"@executable_path/Frameworks",
				);
				PRODUCT_BUNDLE_IDENTIFIER = Apple.Inc.FixApp;
				PRODUCT_NAME = "$(TARGET_NAME)";
				SWIFT_VERSION = 5.0;
				TARGETED_DEVICE_FAMILY = "1,2";
			};
			name = Debug;
		};
		25EA925725DA2726002B60DC /* Release */ = {
			isa = XCBuildConfiguration;
			buildSettings = {
				ASSETCATALOG_COMPILER_APPICON_NAME = AppIcon;
				ASSETCATALOG_COMPILER_GLOBAL_ACCENT_COLOR_NAME = AccentColor;
				CODE_SIGN_STYLE = Automatic;
				INFOPLIST_FILE = FixApp/Info.plist;
				LD_RUNPATH_SEARCH_PATHS = (
					"$(inherited)",
					"@executable_path/Frameworks",
				);
				PRODUCT_BUNDLE_IDENTIFIER = Apple.Inc.FixApp;
				PRODUCT_NAME = "$(TARGET_NAME)";
				SWIFT_VERSION = 5.0;
				TARGETED_DEVICE_FAMILY = "1,2";
			};
			name = Release;
		};
		25EA925925DA2726002B60DC /* Debug */ = {
			isa = XCBuildConfiguration;
			buildSettings = {
				ALWAYS_EMBED_SWIFT_STANDARD_LIBRARIES = YES;
				BUNDLE_LOADER = "$(TEST_HOST)";
				CODE_SIGN_STYLE = Automatic;
				INFOPLIST_FILE = FixAppTests/Info.plist;
				IPHONEOS_DEPLOYMENT_TARGET = 14.4;
				LD_RUNPATH_SEARCH_PATHS = (
					"$(inherited)",
					"@executable_path/Frameworks",
					"@loader_path/Frameworks",
				);
				PRODUCT_BUNDLE_IDENTIFIER = Apple.Inc.FixAppTests;
				PRODUCT_NAME = "$(TARGET_NAME)";
				SWIFT_VERSION = 5.0;
				TARGETED_DEVICE_FAMILY = "1,2";
				TEST_HOST = "$(BUILT_PRODUCTS_DIR)/FixApp.app/FixApp";
			};
			name = Debug;
		};
		25EA925A25DA2726002B60DC /* Release */ = {
			isa = XCBuildConfiguration;
			buildSettings = {
				ALWAYS_EMBED_SWIFT_STANDARD_LIBRARIES = YES;
				BUNDLE_LOADER = "$(TEST_HOST)";
				CODE_SIGN_STYLE = Automatic;
				INFOPLIST_FILE = FixAppTests/Info.plist;
				IPHONEOS_DEPLOYMENT_TARGET = 14.4;
				LD_RUNPATH_SEARCH_PATHS = (
					"$(inherited)",
					"@executable_path/Frameworks",
					"@loader_path/Frameworks",
				);
				PRODUCT_BUNDLE_IDENTIFIER = Apple.Inc.FixAppTests;
				PRODUCT_NAME = "$(TARGET_NAME)";
				SWIFT_VERSION = 5.0;
				TARGETED_DEVICE_FAMILY = "1,2";
				TEST_HOST = "$(BUILT_PRODUCTS_DIR)/FixApp.app/FixApp";
			};
			name = Release;
		};
		25EA925C25DA2726002B60DC /* Debug */ = {
			isa = XCBuildConfiguration;
			buildSettings = {
				ALWAYS_EMBED_SWIFT_STANDARD_LIBRARIES = YES;
				CODE_SIGN_STYLE = Automatic;
				INFOPLIST_FILE = FixAppUITests/Info.plist;
				LD_RUNPATH_SEARCH_PATHS = (
					"$(inherited)",
					"@executable_path/Frameworks",
					"@loader_path/Frameworks",
				);
				PRODUCT_BUNDLE_IDENTIFIER = Apple.Inc.FixAppUITests;
				PRODUCT_NAME = "$(TARGET_NAME)";
				SWIFT_VERSION = 5.0;
				TARGETED_DEVICE_FAMILY = "1,2";
				TEST_TARGET_NAME = FixApp;
			};
			name = Debug;
		};
		25EA925D25DA2726002B60DC /* Release */ = {
			isa = XCBuildConfiguration;
			buildSettings = {
				ALWAYS_EMBED_SWIFT_STANDARD_LIBRARIES = YES;
				CODE_SIGN_STYLE = Automatic;
				INFOPLIST_FILE = FixAppUITests/Info.plist;
				LD_RUNPATH_SEARCH_PATHS = (
					"$(inherited)",
					"@executable_path/Frameworks",
					"@loader_path/Frameworks",
				);
				PRODUCT_BUNDLE_IDENTIFIER = Apple.Inc.FixAppUITests;
				PRODUCT_NAME = "$(TARGET_NAME)";
				SWIFT_VERSION = 5.0;
				TARGETED_DEVICE_FAMILY = "1,2";
				TEST_TARGET_NAME = FixApp;
			};
			name = Release;
		};
/* End XCBuildConfiguration section */

/* Begin XCConfigurationList section */
		25EA922325DA2723002B60DC /* Build configuration list for PBXProject "FixApp" */ = {
			isa = XCConfigurationList;
			buildConfigurations = (
				25EA925325DA2726002B60DC /* Debug */,
				25EA925425DA2726002B60DC /* Release */,
			);
			defaultConfigurationIsVisible = 0;
			defaultConfigurationName = Release;
		};
		25EA925525DA2726002B60DC /* Build configuration list for PBXNativeTarget "FixApp" */ = {
			isa = XCConfigurationList;
			buildConfigurations = (
				25EA925625DA2726002B60DC /* Debug */,
				25EA925725DA2726002B60DC /* Release */,
			);
			defaultConfigurationIsVisible = 0;
			defaultConfigurationName = Release;
		};
		25EA925825DA2726002B60DC /* Build configuration list for PBXNativeTarget "FixAppTests" */ = {
			isa = XCConfigurationList;
			buildConfigurations = (
				25EA925925DA2726002B60DC /* Debug */,
				25EA925A25DA2726002B60DC /* Release */,
			);
			defaultConfigurationIsVisible = 0;
			defaultConfigurationName = Release;
		};
		25EA925B25DA2726002B60DC /* Build configuration list for PBXNativeTarget "FixAppUITests" */ = {
			isa = XCConfigurationList;
			buildConfigurations = (
				25EA925C25DA2726002B60DC /* Debug */,
				25EA925D25DA2726002B60DC /* Release */,
			);
			defaultConfigurationIsVisible = 0;
			defaultConfigurationName = Release;
		};
/* End XCConfigurationList section */

/* Begin XCVersionGroup section */
		25EA923425DA2723002B60DC /* FixApp.xcdatamodeld */ = {
			isa = XCVersionGroup;
			children = (
				25EA923525DA2723002B60DC /* FixApp.xcdatamodel */,
			);
			currentVersion = 25EA923525DA2723002B60DC /* FixApp.xcdatamodel */;
			path = FixApp.xcdatamodeld;
			sourceTree = "<group>";
			versionGroupType = wrapper.xcdatamodel;
		};
/* End XCVersionGroup section */
	};
	rootObject = 25EA922025DA2723002B60DC /* Project object */;
}
